
Microsoft Visual Studio Solution File, Format Version 12.00
# Visual Studio Version 17
VisualStudioVersion = 17.10.35122.118
MinimumVisualStudioVersion = 10.0.40219.1
Project("{FAE04EC0-301F-11D3-BF4B-00C04F79EFBC}") = "kanban_v2", "kanban_v2\kanban_v2.csproj", "{EE833F0C-C573-41CB-9E0C-0F6BFD4262DD}"
EndProject
Global
	GlobalSection(SolutionConfigurationPlatforms) = preSolution
		Debug|Any CPU = Debug|Any CPU
		Release|Any CPU = Release|Any CPU
	EndGlobalSection
	GlobalSection(ProjectConfigurationPlatforms) = postSolution
		{EE833F0C-C573-41CB-9E0C-0F6BFD4262DD}.Debug|Any CPU.ActiveCfg = Debug|Any CPU
		{EE833F0C-C573-41CB-9E0C-0F6BFD4262DD}.Debug|Any CPU.Build.0 = Debug|Any CPU
		{EE833F0C-C573-41CB-9E0C-0F6BFD4262DD}.Release|Any CPU.ActiveCfg = Release|Any CPU
		{EE833F0C-C573-41CB-9E0C-0F6BFD4262DD}.Release|Any CPU.Build.0 = Release|Any CPU
	EndGlobalSection
	GlobalSection(SolutionProperties) = preSolution
		HideSolutionNode = FALSE
	EndGlobalSection
	GlobalSection(ExtensibilityGlobals) = postSolution
		SolutionGuid = {5F16E95A-0294-4AC8-A1E0-244B22C2D21E}
	EndGlobalSection
EndGlobal
